
Microsoft Visual Studio Solution File, Format Version 12.00
# Visual Studio Version 16
VisualStudioVersion = 16.0.29418.71
MinimumVisualStudioVersion = 10.0.40219.1
Project("{888888A0-9F3D-457C-B088-3A5042F75D52}") = "Quick", "Quick.pyproj", "{9B216673-30DD-446C-9A6C-EA0B0D35058E}"
EndProject
Global
	GlobalSection(SolutionConfigurationPlatforms) = preSolution
		Debug|Any CPU = Debug|Any CPU
		Release|Any CPU = Release|Any CPU
	EndGlobalSection
	GlobalSection(ProjectConfigurationPlatforms) = postSolution
		{9B216673-30DD-446C-9A6C-EA0B0D35058E}.Debug|Any CPU.ActiveCfg = Debug|Any CPU
		{9B216673-30DD-446C-9A6C-EA0B0D35058E}.Release|Any CPU.ActiveCfg = Release|Any CPU
	EndGlobalSection
	GlobalSection(SolutionProperties) = preSolution
		HideSolutionNode = FALSE
	EndGlobalSection
	GlobalSection(ExtensibilityGlobals) = postSolution
		SolutionGuid = {D5FE6520-6A9F-4804-9EB4-D8E87B28903F}
	EndGlobalSection
EndGlobal
